{
  "name": "shark-labs-great-white-theme",
  "version": "0.5.0",
  "lockfileVersion": 3,
  "requires": true,
  "packages": {
    "": {
      "name": "shark-labs-great-white-theme",
      "version": "0.5.0",
      "license": "SEE LICENSE IN LICENSE",
      "engines": {
        "vscode": "^1.85.0"
      }
    }
  }
}
