{
  "name": "shark-labs-great-white-theme",
  "version": "0.5.0",
  "lockfileVersion": 3,
  "requires": true,
  "packages": {
    "": {
      "name": "shark-labs-great-white-theme",
      "version": "0.5.0",
      "license": "SEE LICENSE IN LICENSE",
      "dependencies": {
        "@vscode/codicons": "^0.0.44"
      },
      "engines": {
        "vscode": "^1.85.0"
      }
    },
    "node_modules/@vscode/codicons": {
      "version": "0.0.44",
      "resolved": "https://registry.npmjs.org/@vscode/codicons/-/codicons-0.0.44.tgz",
      "integrity": "sha512-F7qPRumUK3EHjNdopfICLGRf3iNPoZQt+McTHAn4AlOWPB3W2kL4H0S7uqEqbyZ6rCxaeDjpAn3MCUnwTu/VJQ==",
      "license": "CC-BY-4.0"
    }
  }
}
